{
  "pins" : [
    {
      "identity" : "swiftpackagedeps1",
      "kind" : "remoteSourceControl",
      "location" : "https://github.com/BumbaBamba/SwiftPackageDeps1.git",
      "state" : {
        "revision" : "1f42cc4631fd9318c69414225af3701f57312edd",
        "version" : "1.1.0"
      }
    },
    {
      "identity" : "swiftpackagedeps2",
      "kind" : "remoteSourceControl",
      "location" : "https://github.com/BumbaBamba/SwiftPackageDeps2.git",
      "state" : {
        "revision" : "106829e4a894339a56ba141a559a8c1765d9aa35",
        "version" : "2.0.0"
      }
    },
    {
      "identity" : "swiftpackagedeps3",
      "kind" : "remoteSourceControl",
      "location" : "https://github.com/BumbaBamba/SwiftPackageDeps3.git",
      "state" : {
        "revision" : "d5f80b67a8f226ae8fda8e337235af389e9af8ca",
        "version" : "1.1.0"
      }
    }
  ],
  "version" : 2
}
